
Microsoft Visual Studio Solution File, Format Version 12.00
# Visual Studio Version 17
VisualStudioVersion = 17.9.34728.123
MinimumVisualStudioVersion = 10.0.40219.1
Project("{FAE04EC0-301F-11D3-BF4B-00C04F79EFBC}") = "SnowBack", "SnowBack\SnowBack.csproj", "{716D8E26-6451-4B16-AB3C-0A7A82235BD5}"
EndProject
Global
	GlobalSection(SolutionConfigurationPlatforms) = preSolution
		Debug|Any CPU = Debug|Any CPU
		Release|Any CPU = Release|Any CPU
	EndGlobalSection
	GlobalSection(ProjectConfigurationPlatforms) = postSolution
		{716D8E26-6451-4B16-AB3C-0A7A82235BD5}.Debug|Any CPU.ActiveCfg = Debug|Any CPU
		{716D8E26-6451-4B16-AB3C-0A7A82235BD5}.Debug|Any CPU.Build.0 = Debug|Any CPU
		{716D8E26-6451-4B16-AB3C-0A7A82235BD5}.Release|Any CPU.ActiveCfg = Release|Any CPU
		{716D8E26-6451-4B16-AB3C-0A7A82235BD5}.Release|Any CPU.Build.0 = Release|Any CPU
	EndGlobalSection
	GlobalSection(SolutionProperties) = preSolution
		HideSolutionNode = FALSE
	EndGlobalSection
	GlobalSection(ExtensibilityGlobals) = postSolution
		SolutionGuid = {8A7E2A0E-CD35-4AEB-A49F-9D7FB5597DD5}
	EndGlobalSection
EndGlobal
